
Microsoft Visual Studio Solution File, Format Version 12.00
# Visual Studio 14
VisualStudioVersion = 14.0.25420.1
MinimumVisualStudioVersion = 10.0.40219.1
Project("{FAE04EC0-301F-11D3-BF4B-00C04F79EFBC}") = "WeChatHelper4Net", "WeChatHelper4Net\WeChatHelper4Net.csproj", "{390EF549-9009-4CEA-885A-8D33F40B0807}"
EndProject
Project("{FAE04EC0-301F-11D3-BF4B-00C04F79EFBC}") = "TestConsoleApp", "TestConsoleApp\TestConsoleApp.csproj", "{1107C558-B4CD-4268-BD9E-8A4A07FBAD72}"
EndProject
Global
	GlobalSection(SolutionConfigurationPlatforms) = preSolution
		Debug|Any CPU = Debug|Any CPU
		Release|Any CPU = Release|Any CPU
	EndGlobalSection
	GlobalSection(ProjectConfigurationPlatforms) = postSolution
		{390EF549-9009-4CEA-885A-8D33F40B0807}.Debug|Any CPU.ActiveCfg = Debug|Any CPU
		{390EF549-9009-4CEA-885A-8D33F40B0807}.Debug|Any CPU.Build.0 = Debug|Any CPU
		{390EF549-9009-4CEA-885A-8D33F40B0807}.Release|Any CPU.ActiveCfg = Release|Any CPU
		{390EF549-9009-4CEA-885A-8D33F40B0807}.Release|Any CPU.Build.0 = Release|Any CPU
		{1107C558-B4CD-4268-BD9E-8A4A07FBAD72}.Debug|Any CPU.ActiveCfg = Debug|Any CPU
		{1107C558-B4CD-4268-BD9E-8A4A07FBAD72}.Debug|Any CPU.Build.0 = Debug|Any CPU
		{1107C558-B4CD-4268-BD9E-8A4A07FBAD72}.Release|Any CPU.ActiveCfg = Release|Any CPU
		{1107C558-B4CD-4268-BD9E-8A4A07FBAD72}.Release|Any CPU.Build.0 = Release|Any CPU
	EndGlobalSection
	GlobalSection(SolutionProperties) = preSolution
		HideSolutionNode = FALSE
	EndGlobalSection
EndGlobal
